
Microsoft Visual Studio Solution File, Format Version 12.00
# Visual Studio Version 17
VisualStudioVersion = 17.8.34330.188
MinimumVisualStudioVersion = 10.0.40219.1
Project("{FAE04EC0-301F-11D3-BF4B-00C04F79EFBC}") = "Lab7", "Lab7\Lab7.csproj", "{6FEACE63-23FF-4900-89FE-0AB96939908F}"
EndProject
Global
	GlobalSection(SolutionConfigurationPlatforms) = preSolution
		Debug|Any CPU = Debug|Any CPU
		Release|Any CPU = Release|Any CPU
	EndGlobalSection
	GlobalSection(ProjectConfigurationPlatforms) = postSolution
		{6FEACE63-23FF-4900-89FE-0AB96939908F}.Debug|Any CPU.ActiveCfg = Debug|Any CPU
		{6FEACE63-23FF-4900-89FE-0AB96939908F}.Debug|Any CPU.Build.0 = Debug|Any CPU
		{6FEACE63-23FF-4900-89FE-0AB96939908F}.Release|Any CPU.ActiveCfg = Release|Any CPU
		{6FEACE63-23FF-4900-89FE-0AB96939908F}.Release|Any CPU.Build.0 = Release|Any CPU
	EndGlobalSection
	GlobalSection(SolutionProperties) = preSolution
		HideSolutionNode = FALSE
	EndGlobalSection
	GlobalSection(ExtensibilityGlobals) = postSolution
		SolutionGuid = {3734E783-1D57-47B3-84FF-4219B9E26E7F}
	EndGlobalSection
EndGlobal
